<?xml version="1.0" encoding="utf-8"?>
<Project ToolsVersion="4.0" xmlns="http://schemas.microsoft.com/developer/msbuild/2003">
  <ItemGroup>
    <Filter Include="Source Files">
      <UniqueIdentifier>{4FC737F1-C7A5-4376-A066-2A32D752A2FF}</UniqueIdentifier>
      <Extensions>cpp;c;cc;cxx;c++;cppm;ixx;def;odl;idl;hpj;bat;asm;asmx</Extensions>
    </Filter>
    <Filter Include="Header Files">
      <UniqueIdentifier>{93995380-89BD-4b04-88EB-625FBE52EBFB}</UniqueIdentifier>
      <Extensions>h;hh;hpp;hxx;h++;hm;inl;inc;ipp;xsd</Extensions>
    </Filter>
    <Filter Include="Resource Files">
      <UniqueIdentifier>{67DA6AB6-F800-4c08-8B7A-83BB121AAD01}</UniqueIdentifier>
      <Extensions>rc;ico;cur;bmp;dlg;rc2;rct;bin;rgs;gif;jpg;jpeg;jpe;resx;tiff;tif;png;wav;mfcribbon-ms</Extensions>
    </Filter>
  </ItemGroup>
  <ItemGroup>
    <ClCompile Include="dllmain.cpp">
      <Filter>Source Files</Filter>
    </ClCompile>
    <ClCompile Include="Libraries\imgui\backends\imgui_impl_dx11.cpp">
      <Filter>Source Files</Filter>
    </ClCompile>
    <ClCompile Include="Libraries\imgui\backends\imgui_impl_dx12.cpp">
      <Filter>Source Files</Filter>
    </ClCompile>
    <ClCompile Include="Libraries\imgui\backends\imgui_impl_win32.cpp">
      <Filter>Source Files</Filter>
    </ClCompile>
    <ClCompile Include="Libraries\minhook\buffer.c">
      <Filter>Source Files</Filter>
    </ClCompile>
    <ClCompile Include="Libraries\minhook\hook.c">
      <Filter>Source Files</Filter>
    </ClCompile>
    <ClCompile Include="Libraries\minhook\trampoline.c">
      <Filter>Source Files</Filter>
    </ClCompile>
    <ClCompile Include="Libraries\minhook\hde\hde32.c">
      <Filter>Source Files</Filter>
    </ClCompile>
    <ClCompile Include="Libraries\minhook\hde\hde64.c">
      <Filter>Source Files</Filter>
    </ClCompile>
    <ClCompile Include="Libraries\kiero\kiero.cpp">
      <Filter>Source Files</Filter>
    </ClCompile>
    <ClCompile Include="Libraries\imgui\imgui.cpp">
      <Filter>Source Files</Filter>
    </ClCompile>
    <ClCompile Include="Libraries\imgui\imgui_demo.cpp">
      <Filter>Source Files</Filter>
    </ClCompile>
    <ClCompile Include="Libraries\imgui\imgui_draw.cpp">
      <Filter>Source Files</Filter>
    </ClCompile>
    <ClCompile Include="Libraries\imgui\imgui_tables.cpp">
      <Filter>Source Files</Filter>
    </ClCompile>
    <ClCompile Include="Libraries\imgui\imgui_widgets.cpp">
      <Filter>Source Files</Filter>
    </ClCompile>
  </ItemGroup>
  <ItemGroup>
    <ClInclude Include="Client\Client.h">
      <Filter>Header Files</Filter>
    </ClInclude>
    <ClInclude Include="Libraries\libhat\Platform.h">
      <Filter>Header Files</Filter>
    </ClInclude>
    <ClInclude Include="Libraries\libhat\System.hpp">
      <Filter>Header Files</Filter>
    </ClInclude>
    <ClInclude Include="Memory\Manager\SigManager.h">
      <Filter>Header Files</Filter>
    </ClInclude>
    <ClInclude Include="Memory\Graphics\DirectX\DirectX.hpp">
      <Filter>Header Files</Filter>
    </ClInclude>
    <ClInclude Include="Libraries\imgui\backends\imgui_impl_dx11.h">
      <Filter>Header Files</Filter>
    </ClInclude>
    <ClInclude Include="Libraries\imgui\backends\imgui_impl_dx12.h">
      <Filter>Header Files</Filter>
    </ClInclude>
    <ClInclude Include="Libraries\imgui\backends\imgui_impl_win32.h">
      <Filter>Header Files</Filter>
    </ClInclude>
    <ClInclude Include="Libraries\imgui\image\stb_image.h">
      <Filter>Header Files</Filter>
    </ClInclude>
    <ClInclude Include="Libraries\minhook\buffer.h">
      <Filter>Header Files</Filter>
    </ClInclude>
    <ClInclude Include="Libraries\minhook\MinHook.h">
      <Filter>Header Files</Filter>
    </ClInclude>
    <ClInclude Include="Libraries\minhook\trampoline.h">
      <Filter>Header Files</Filter>
    </ClInclude>
    <ClInclude Include="Libraries\minhook\hde\hde32.h">
      <Filter>Header Files</Filter>
    </ClInclude>
    <ClInclude Include="Libraries\minhook\hde\hde64.h">
      <Filter>Header Files</Filter>
    </ClInclude>
    <ClInclude Include="Libraries\minhook\hde\pstdint.h">
      <Filter>Header Files</Filter>
    </ClInclude>
    <ClInclude Include="Libraries\minhook\hde\table32.h">
      <Filter>Header Files</Filter>
    </ClInclude>
    <ClInclude Include="Libraries\minhook\hde\table64.h">
      <Filter>Header Files</Filter>
    </ClInclude>
    <ClInclude Include="Client\Utils\Util.h">
      <Filter>Header Files</Filter>
    </ClInclude>
    <ClInclude Include="Memory\Memory.h">
      <Filter>Header Files</Filter>
    </ClInclude>
    <ClInclude Include="Libraries\kiero\kiero.h">
      <Filter>Header Files</Filter>
    </ClInclude>
    <ClInclude Include="Memory\Graphics\DirectX\Fonts\Quicksand Regular 400.hpp">
      <Filter>Header Files</Filter>
    </ClInclude>
    <ClInclude Include="Memory\Hooks\HookManager.h">
      <Filter>Header Files</Filter>
    </ClInclude>
    <ClInclude Include="Memory\Hooks\Render\SetupAndRenderHook.h">
      <Filter>Header Files</Filter>
    </ClInclude>
    <ClInclude Include="Client\Utils\Math\AABB.h">
      <Filter>Header Files</Filter>
    </ClInclude>
    <ClInclude Include="Client\Utils\Math\Keys\Keys.h">
      <Filter>Header Files</Filter>
    </ClInclude>
    <ClInclude Include="Client\Utils\Math\MathUtil.h">
      <Filter>Header Files</Filter>
    </ClInclude>
    <ClInclude Include="Client\Utils\Math\TextFormat.h">
      <Filter>Header Files</Filter>
    </ClInclude>
    <ClInclude Include="Client\Utils\Math\Color.h">
      <Filter>Header Files</Filter>
    </ClInclude>
    <ClInclude Include="Client\Utils\Math\Vector2.h">
      <Filter>Header Files</Filter>
    </ClInclude>
    <ClInclude Include="Client\Utils\Math\Vector3.h">
      <Filter>Header Files</Filter>
    </ClInclude>
    <ClInclude Include="Client\Utils\Math\Vector4.h">
      <Filter>Header Files</Filter>
    </ClInclude>
    <ClInclude Include="Memory\SDK\Actor\Ability.h">
      <Filter>Header Files</Filter>
    </ClInclude>
    <ClInclude Include="Memory\SDK\Actor\Actor.h">
      <Filter>Header Files</Filter>
    </ClInclude>
    <ClInclude Include="Memory\SDK\Actor\ActorDefinitionIdentifier.h">
      <Filter>Header Files</Filter>
    </ClInclude>
    <ClInclude Include="Memory\SDK\Actor\ActorRenderDispatcher.h">
      <Filter>Header Files</Filter>
    </ClInclude>
    <ClInclude Include="Memory\SDK\Actor\Animation\ActorAnimationPlayer.h">
      <Filter>Header Files</Filter>
    </ClInclude>
    <ClInclude Include="Memory\SDK\Actor\Attribute\Amplifier.h">
      <Filter>Header Files</Filter>
    </ClInclude>
    <ClInclude Include="Memory\SDK\Actor\Attribute\Attribute.h">
      <Filter>Header Files</Filter>
    </ClInclude>
    <ClInclude Include="Memory\SDK\Actor\Attribute\AttributeBuff.h">
      <Filter>Header Files</Filter>
    </ClInclude>
    <ClInclude Include="Memory\SDK\Actor\Attribute\AttributeInstance.h">
      <Filter>Header Files</Filter>
    </ClInclude>
    <ClInclude Include="Memory\SDK\Actor\Attribute\AttributeInstanceDelegate.h">
      <Filter>Header Files</Filter>
    </ClInclude>
    <ClInclude Include="Memory\SDK\Actor\Attribute\AttributeInstanceHandle.h">
      <Filter>Header Files</Filter>
    </ClInclude>
    <ClInclude Include="Memory\SDK\Actor\Attribute\BaseAttributeMap.h">
      <Filter>Header Files</Filter>
    </ClInclude>
    <ClInclude Include="Memory\SDK\Actor\Attribute\ExhaustionAttributeDelegate.h">
      <Filter>Header Files</Filter>
    </ClInclude>
    <ClInclude Include="Memory\SDK\Actor\Attribute\HealthAttributeDelegate.h">
      <Filter>Header Files</Filter>
    </ClInclude>
    <ClInclude Include="Memory\SDK\Actor\Attribute\HungerAttributeDelegate.h">
      <Filter>Header Files</Filter>
    </ClInclude>
    <ClInclude Include="Memory\SDK\Actor\Attribute\InstantaneousAttributeBuff.h">
      <Filter>Header Files</Filter>
    </ClInclude>
    <ClInclude Include="Memory\SDK\Actor\Attribute\MultiplyValueAmplifier.h">
      <Filter>Header Files</Filter>
    </ClInclude>
    <ClInclude Include="Memory\SDK\Actor\Attribute\ShiftedDurationAmplifier.h">
      <Filter>Header Files</Filter>
    </ClInclude>
    <ClInclude Include="Memory\SDK\Actor\Attribute\ShiftedValueAmplifier.h">
      <Filter>Header Files</Filter>
    </ClInclude>
    <ClInclude Include="Memory\SDK\Actor\Attribute\TemporalAttributeBuff.h">
      <Filter>Header Files</Filter>
    </ClInclude>
    <ClInclude Include="Memory\SDK\Actor\Components\AABBShapeComponent.h">
      <Filter>Header Files</Filter>
    </ClInclude>
    <ClInclude Include="Memory\SDK\Actor\Components\ActorDataDirtyFlagsComponent.h">
      <Filter>Header Files</Filter>
    </ClInclude>
    <ClInclude Include="Memory\SDK\Actor\Components\ActorDataFlagComponent.h">
      <Filter>Header Files</Filter>
    </ClInclude>
    <ClInclude Include="Memory\SDK\Actor\Components\ActorDefinitionIdentifierComponent.h">
      <Filter>Header Files</Filter>
    </ClInclude>
    <ClInclude Include="Memory\SDK\Actor\Components\ActorEquipmentComponent.h">
      <Filter>Header Files</Filter>
    </ClInclude>
    <ClInclude Include="Memory\SDK\Actor\Components\ActorGameTypeComponent.h">
      <Filter>Header Files</Filter>
    </ClInclude>
    <ClInclude Include="Memory\SDK\Actor\Components\ActorHeadRotationComponent.h">
      <Filter>Header Files</Filter>
    </ClInclude>
    <ClInclude Include="Memory\SDK\Actor\Components\ActorOwnerComponent.h">
      <Filter>Header Files</Filter>
    </ClInclude>
    <ClInclude Include="Memory\SDK\Actor\Components\ActorRotationComponent.h">
      <Filter>Header Files</Filter>
    </ClInclude>
    <ClInclude Include="Memory\SDK\Actor\Components\ActorTypeComponent.h">
      <Filter>Header Files</Filter>
    </ClInclude>
    <ClInclude Include="Memory\SDK\Actor\Components\ActorUniqueIDComponent.h">
      <Filter>Header Files</Filter>
    </ClInclude>
    <ClInclude Include="Memory\SDK\Actor\Components\ActorWalkAnimationComponent.h">
      <Filter>Header Files</Filter>
    </ClInclude>
    <ClInclude Include="Memory\SDK\Actor\Components\AttributesComponent.h">
      <Filter>Header Files</Filter>
    </ClInclude>
    <ClInclude Include="Memory\SDK\Actor\Components\BlockMovementSlowdownMultiplierComponent.h">
      <Filter>Header Files</Filter>
    </ClInclude>
    <ClInclude Include="Memory\SDK\Actor\Components\BlockSourceComponent.h">
      <Filter>Header Files</Filter>
    </ClInclude>
    <ClInclude Include="Memory\SDK\Actor\Components\CameraBobComponent.h">
      <Filter>Header Files</Filter>
    </ClInclude>
    <ClInclude Include="Memory\SDK\Actor\Components\CameraComponent.h">
      <Filter>Header Files</Filter>
    </ClInclude>
    <ClInclude Include="Memory\SDK\Actor\Components\CameraDirectLookComponent.h">
      <Filter>Header Files</Filter>
    </ClInclude>
    <ClInclude Include="Memory\SDK\Actor\Components\CameraPresetComponent.h">
      <Filter>Header Files</Filter>
    </ClInclude>
    <ClInclude Include="Memory\SDK\Actor\Components\DebugCameraComponent.h">
      <Filter>Header Files</Filter>
    </ClInclude>
    <ClInclude Include="Memory\SDK\Actor\Components\DepenetrationComponent.h">
      <Filter>Header Files</Filter>
    </ClInclude>
    <ClInclude Include="Memory\SDK\Actor\Components\FallDistanceComponent.h">
      <Filter>Header Files</Filter>
    </ClInclude>
    <ClInclude Include="Memory\SDK\Actor\Components\FlagComponent.h">
      <Filter>Header Files</Filter>
    </ClInclude>
    <ClInclude Include="Memory\SDK\Actor\Components\JumpComponent.h">
      <Filter>Header Files</Filter>
    </ClInclude>
    <ClInclude Include="Memory\SDK\Actor\Components\MaxAutoStepComponent.h">
      <Filter>Header Files</Filter>
    </ClInclude>
    <ClInclude Include="Memory\SDK\Actor\Components\MobBodyRotationComponent.h">
      <Filter>Header Files</Filter>
    </ClInclude>
    <ClInclude Include="Memory\SDK\Actor\Components\MobEffectsComponent.h">
      <Filter>Header Files</Filter>
    </ClInclude>
    <ClInclude Include="Memory\SDK\Actor\Components\MobHurtTimeComponent.h">
      <Filter>Header Files</Filter>
    </ClInclude>
    <ClInclude Include="Memory\SDK\Actor\Components\MoveInputComponent.h">
      <Filter>Header Files</Filter>
    </ClInclude>
    <ClInclude Include="Memory\SDK\Actor\Components\MovementInterpolatorComponent.h">
      <Filter>Header Files</Filter>
    </ClInclude>
    <ClInclude Include="Memory\SDK\Actor\Components\OffsetsComponent.h">
      <Filter>Header Files</Filter>
    </ClInclude>
    <ClInclude Include="Memory\SDK\Actor\Components\PlayerBlockActionData.h">
      <Filter>Header Files</Filter>
    </ClInclude>
    <ClInclude Include="Memory\SDK\Actor\Components\PlayerBlockActions.h">
      <Filter>Header Files</Filter>
    </ClInclude>
    <ClInclude Include="Memory\SDK\Actor\Components\PlayerPositionModeComponent.h">
      <Filter>Header Files</Filter>
    </ClInclude>
    <ClInclude Include="Memory\SDK\Actor\Components\RenderPositionComponent.h">
      <Filter>Header Files</Filter>
    </ClInclude>
    <ClInclude Include="Memory\SDK\Actor\Components\RuntimeIDComponent.h">
      <Filter>Header Files</Filter>
    </ClInclude>
    <ClInclude Include="Memory\SDK\Actor\Components\ShadowOffsetComponent.h">
      <Filter>Header Files</Filter>
    </ClInclude>
    <ClInclude Include="Memory\SDK\Actor\Components\StateVectorComponent.h">
      <Filter>Header Files</Filter>
    </ClInclude>
    <ClInclude Include="Memory\SDK\Actor\Components\SubBBsComponent.h">
      <Filter>Header Files</Filter>
    </ClInclude>
    <ClInclude Include="Memory\SDK\Actor\Components\SynchedActorDataComponent.h">
      <Filter>Header Files</Filter>
    </ClInclude>
    <ClInclude Include="Memory\SDK\Actor\Components\UpdatePlayerFromCameraComponent.h">
      <Filter>Header Files</Filter>
    </ClInclude>
    <ClInclude Include="Memory\SDK\Actor\Components\UserEntityIdentifierComponent.h">
      <Filter>Header Files</Filter>
    </ClInclude>
    <ClInclude Include="Memory\SDK\Actor\Control.h">
      <Filter>Header Files</Filter>
    </ClInclude>
    <ClInclude Include="Memory\SDK\Actor\Data\ActorRenderData.h">
      <Filter>Header Files</Filter>
    </ClInclude>
    <ClInclude Include="Memory\SDK\Actor\Data\DataItem.h">
      <Filter>Header Files</Filter>
    </ClInclude>
    <ClInclude Include="Memory\SDK\Actor\Data\SynchedActorData.h">
      <Filter>Header Files</Filter>
    </ClInclude>
    <ClInclude Include="Memory\SDK\Actor\Data\SynchedActorDataEntityWrapper.h">
      <Filter>Header Files</Filter>
    </ClInclude>
    <ClInclude Include="Memory\SDK\Actor\Effect\MobEffect.h">
      <Filter>Header Files</Filter>
    </ClInclude>
    <ClInclude Include="Memory\SDK\Actor\Effect\MobEffectInstance.h">
      <Filter>Header Files</Filter>
    </ClInclude>
    <ClInclude Include="Memory\SDK\Actor\EntityContext\EntityContext.h">
      <Filter>Header Files</Filter>
    </ClInclude>
    <ClInclude Include="Memory\SDK\Actor\EntityContext\EntityID.h">
      <Filter>Header Files</Filter>
    </ClInclude>
    <ClInclude Include="Memory\SDK\Actor\EntityContext\EntityIdTraits.h">
      <Filter>Header Files</Filter>
    </ClInclude>
    <ClInclude Include="Memory\SDK\Actor\ID\ActorRuntimeID.h">
      <Filter>Header Files</Filter>
    </ClInclude>
    <ClInclude Include="Memory\SDK\Actor\ItemActor.h">
      <Filter>Header Files</Filter>
    </ClInclude>
    <ClInclude Include="Memory\SDK\Actor\Level\Abilities.h">
      <Filter>Header Files</Filter>
    </ClInclude>
    <ClInclude Include="Memory\SDK\Actor\Level\Dimension.h">
      <Filter>Header Files</Filter>
    </ClInclude>
    <ClInclude Include="Memory\SDK\Actor\Level\HitResult.h">
      <Filter>Header Files</Filter>
    </ClInclude>
    <ClInclude Include="Memory\SDK\Actor\Level\LayeredAbilities.h">
      <Filter>Header Files</Filter>
    </ClInclude>
    <ClInclude Include="Memory\SDK\Actor\Level\Level.h">
      <Filter>Header Files</Filter>
    </ClInclude>
    <ClInclude Include="Memory\SDK\Actor\Level\PermissionsHandler.h">
      <Filter>Header Files</Filter>
    </ClInclude>
    <ClInclude Include="Memory\SDK\Actor\Level\Tick.h">
      <Filter>Header Files</Filter>
    </ClInclude>
    <ClInclude Include="Memory\SDK\Actor\Level\Weather.h">
      <Filter>Header Files</Filter>
    </ClInclude>
    <ClInclude Include="Memory\SDK\Actor\Mob.h">
      <Filter>Header Files</Filter>
    </ClInclude>
    <ClInclude Include="Memory\SDK\Actor\Model\ActorModel.h">
      <Filter>Header Files</Filter>
    </ClInclude>
    <ClInclude Include="Memory\SDK\Actor\Player.h">
      <Filter>Header Files</Filter>
    </ClInclude>
    <ClInclude Include="Memory\SDK\Actor\PropertySyncData.h">
      <Filter>Header Files</Filter>
    </ClInclude>
    <ClInclude Include="Memory\SDK\Actor\RenderParams.h">
      <Filter>Header Files</Filter>
    </ClInclude>
    <ClInclude Include="Memory\SDK\Actor\Skin\SerializedSkin.h">
      <Filter>Header Files</Filter>
    </ClInclude>
    <ClInclude Include="Memory\SDK\Actor\Utilities\ActorDataIDs.h">
      <Filter>Header Files</Filter>
    </ClInclude>
    <ClInclude Include="Memory\SDK\Actor\Utilities\ActorFlags.h">
      <Filter>Header Files</Filter>
    </ClInclude>
    <ClInclude Include="Memory\SDK\Actor\Utilities\ActorLinkType.h">
      <Filter>Header Files</Filter>
    </ClInclude>
    <ClInclude Include="Memory\SDK\Actor\Utilities\ActorType.h">
      <Filter>Header Files</Filter>
    </ClInclude>
    <ClInclude Include="Memory\SDK\Block\Actor\BlockActor.h">
      <Filter>Header Files</Filter>
    </ClInclude>
    <ClInclude Include="Memory\SDK\Block\Block.h">
      <Filter>Header Files</Filter>
    </ClInclude>
    <ClInclude Include="Memory\SDK\Block\Chunk\ChunkPos.h">
      <Filter>Header Files</Filter>
    </ClInclude>
    <ClInclude Include="Memory\SDK\Block\Chunk\ChunkSource.h">
      <Filter>Header Files</Filter>
    </ClInclude>
    <ClInclude Include="Memory\SDK\Block\Chunk\LevelChunk.h">
      <Filter>Header Files</Filter>
    </ClInclude>
    <ClInclude Include="Memory\SDK\Block\Chunk\LevelChunkBuilderData.h">
      <Filter>Header Files</Filter>
    </ClInclude>
    <ClInclude Include="Memory\SDK\Block\Chunk\SubChunk.h">
      <Filter>Header Files</Filter>
    </ClInclude>
    <ClInclude Include="Memory\SDK\Block\Chunk\SubChunkBlockStorage.h">
      <Filter>Header Files</Filter>
    </ClInclude>
    <ClInclude Include="Memory\SDK\Block\Chunk\SubChunkStorage.h">
      <Filter>Header Files</Filter>
    </ClInclude>
    <ClInclude Include="Memory\SDK\Block\Legacy\BlockLegacy.h">
      <Filter>Header Files</Filter>
    </ClInclude>
    <ClInclude Include="Memory\SDK\Block\Material\Material.h">
      <Filter>Header Files</Filter>
    </ClInclude>
    <ClInclude Include="Memory\SDK\Block\Material\Type\MaterialType.h">
      <Filter>Header Files</Filter>
    </ClInclude>
    <ClInclude Include="Memory\SDK\Block\Palette\BlockPalette.h">
      <Filter>Header Files</Filter>
    </ClInclude>
    <ClInclude Include="Memory\SDK\Block\Source\BlockSource.h">
      <Filter>Header Files</Filter>
    </ClInclude>
    <ClInclude Include="Memory\SDK\Container\ArmorSlot\ArmorSlot.h">
      <Filter>Header Files</Filter>
    </ClInclude>
    <ClInclude Include="Memory\SDK\Container\ContainerScreenController.h">
      <Filter>Header Files</Filter>
    </ClInclude>
    <ClInclude Include="Memory\SDK\Container\Inventory\Inventory.h">
      <Filter>Header Files</Filter>
    </ClInclude>
    <ClInclude Include="Memory\SDK\Container\Inventory\PlayerInventory.h">
      <Filter>Header Files</Filter>
    </ClInclude>
    <ClInclude Include="Memory\SDK\Container\Item\Item.h">
      <Filter>Header Files</Filter>
    </ClInclude>
    <ClInclude Include="Memory\SDK\Container\Item\ItemStack.h">
      <Filter>Header Files</Filter>
    </ClInclude>
    <ClInclude Include="Memory\SDK\Container\Item\ItemStackBase.h">
      <Filter>Header Files</Filter>
    </ClInclude>
    <ClInclude Include="Memory\SDK\Container\Manager\ContainerManagerModel.h">
      <Filter>Header Files</Filter>
    </ClInclude>
    <ClInclude Include="Memory\SDK\Container\SimpleContainer.h">
      <Filter>Header Files</Filter>
    </ClInclude>
    <ClInclude Include="Memory\SDK\Core\Bedrock\Bedrock.h">
      <Filter>Header Files</Filter>
    </ClInclude>
    <ClInclude Include="Memory\SDK\Core\Bedrock\EnableNonOwnerReferences.h">
      <Filter>Header Files</Filter>
    </ClInclude>
    <ClInclude Include="Memory\SDK\Core\Bedrock\json\Json.h">
      <Filter>Header Files</Filter>
    </ClInclude>
    <ClInclude Include="Memory\SDK\Core\Bedrock\json\Value.h">
      <Filter>Header Files</Filter>
    </ClInclude>
    <ClInclude Include="Memory\SDK\Core\Bedrock\json\ValueType.h">
      <Filter>Header Files</Filter>
    </ClInclude>
    <ClInclude Include="Memory\SDK\Core\Bedrock\mce\Blob.h">
      <Filter>Header Files</Filter>
    </ClInclude>
    <ClInclude Include="Memory\SDK\Core\Bedrock\mce\ClientTexture.h">
      <Filter>Header Files</Filter>
    </ClInclude>
    <ClInclude Include="Memory\SDK\Core\Bedrock\mce\Color.h">
      <Filter>Header Files</Filter>
    </ClInclude>
    <ClInclude Include="Memory\SDK\Core\Bedrock\mce\Image.h">
      <Filter>Header Files</Filter>
    </ClInclude>
    <ClInclude Include="Memory\SDK\Core\Bedrock\mce\ImageFormat.h">
      <Filter>Header Files</Filter>
    </ClInclude>
    <ClInclude Include="Memory\SDK\Core\Bedrock\mce\ImageUsage.h">
      <Filter>Header Files</Filter>
    </ClInclude>
    <ClInclude Include="Memory\SDK\Core\Bedrock\mce\mce.h">
      <Filter>Header Files</Filter>
    </ClInclude>
    <ClInclude Include="Memory\SDK\Core\Bedrock\mce\RenderState.h">
      <Filter>Header Files</Filter>
    </ClInclude>
    <ClInclude Include="Memory\SDK\Core\Bedrock\mce\TextureDescription.h">
      <Filter>Header Files</Filter>
    </ClInclude>
    <ClInclude Include="Memory\SDK\Core\Bedrock\mce\UUID.h">
      <Filter>Header Files</Filter>
    </ClInclude>
    <ClInclude Include="Memory\SDK\Core\Bedrock\NonOwnerPointer.h">
      <Filter>Header Files</Filter>
    </ClInclude>
    <ClInclude Include="Memory\SDK\Core\ClientInstance.h">
      <Filter>Header Files</Filter>
    </ClInclude>
    <ClInclude Include="Memory\SDK\Core\GuiData.h">
      <Filter>Header Files</Filter>
    </ClInclude>
    <ClInclude Include="Memory\SDK\Core\Matrix\GLMatrix.h">
      <Filter>Header Files</Filter>
    </ClInclude>
    <ClInclude Include="Memory\SDK\Core\Minecraft\Game\GameSession.h">
      <Filter>Header Files</Filter>
    </ClInclude>
    <ClInclude Include="Memory\SDK\Core\Minecraft\Game\MinecraftGame.h">
      <Filter>Header Files</Filter>
    </ClInclude>
    <ClInclude Include="Memory\SDK\Core\Minecraft\Game\NetEventCallback.h">
      <Filter>Header Files</Filter>
    </ClInclude>
    <ClInclude Include="Memory\SDK\Core\Minecraft\Game\Options.h">
      <Filter>Header Files</Filter>
    </ClInclude>
    <ClInclude Include="Memory\SDK\Core\Minecraft\Minecraft.h">
      <Filter>Header Files</Filter>
    </ClInclude>
    <ClInclude Include="Memory\SDK\Core\OwnerPtr.h">
      <Filter>Header Files</Filter>
    </ClInclude>
    <ClInclude Include="Memory\SDK\Core\Render\bgfx\bgfx.h">
      <Filter>Header Files</Filter>
    </ClInclude>
    <ClInclude Include="Memory\SDK\Core\Render\bgfx\CommandBuffer.h">
      <Filter>Header Files</Filter>
    </ClInclude>
    <ClInclude Include="Memory\SDK\Core\Render\bgfx\Context.h">
      <Filter>Header Files</Filter>
    </ClInclude>
    <ClInclude Include="Memory\SDK\Core\Render\bgfx\d3d12.h">
      <Filter>Header Files</Filter>
    </ClInclude>
    <ClInclude Include="Memory\SDK\Core\Render\bgfx\Frame.h">
      <Filter>Header Files</Filter>
    </ClInclude>
    <ClInclude Include="Memory\SDK\Core\Render\bgfx\RendererContextI.h">
      <Filter>Header Files</Filter>
    </ClInclude>
    <ClInclude Include="Memory\SDK\Core\Render\Font.h">
      <Filter>Header Files</Filter>
    </ClInclude>
    <ClInclude Include="Memory\SDK\Core\Render\LevelRender.h">
      <Filter>Header Files</Filter>
    </ClInclude>
    <ClInclude Include="Memory\SDK\Core\StackRefResult.h">
      <Filter>Header Files</Filter>
    </ClInclude>
    <ClInclude Include="Memory\SDK\Core\WeakRef.h">
      <Filter>Header Files</Filter>
    </ClInclude>
    <ClInclude Include="Memory\SDK\Events\ActorEvent.h">
      <Filter>Header Files</Filter>
    </ClInclude>
    <ClInclude Include="Memory\SDK\Events\EventsInclude.h">
      <Filter>Header Files</Filter>
    </ClInclude>
    <ClInclude Include="Memory\SDK\Events\LevelEvent.h">
      <Filter>Header Files</Filter>
    </ClInclude>
    <ClInclude Include="Memory\SDK\Events\MinecraftEventing.h">
      <Filter>Header Files</Filter>
    </ClInclude>
    <ClInclude Include="Memory\SDK\GameMode\GameMode.h">
      <Filter>Header Files</Filter>
    </ClInclude>
    <ClInclude Include="Memory\SDK\Packet\Network\ClientOrServerNetworkSystemRef.h">
      <Filter>Header Files</Filter>
    </ClInclude>
    <ClInclude Include="Memory\SDK\Packet\Network\LoopbackPacketSender.h">
      <Filter>Header Files</Filter>
    </ClInclude>
    <ClInclude Include="Memory\SDK\Packet\Network\NetworkBlockPosition.h">
      <Filter>Header Files</Filter>
    </ClInclude>
    <ClInclude Include="Memory\SDK\Packet\Network\NetworkIdentifier.h">
      <Filter>Header Files</Filter>
    </ClInclude>
    <ClInclude Include="Memory\SDK\Packet\Network\NetworkIdentifierWithSubId.h">
      <Filter>Header Files</Filter>
    </ClInclude>
    <ClInclude Include="Memory\SDK\Packet\Network\NetworkPeer.h">
      <Filter>Header Files</Filter>
    </ClInclude>
    <ClInclude Include="Memory\SDK\Packet\Network\PacketSender.h">
      <Filter>Header Files</Filter>
    </ClInclude>
    <ClInclude Include="Memory\SDK\Packet\Network\RakNet.h">
      <Filter>Header Files</Filter>
    </ClInclude>
    <ClInclude Include="Memory\SDK\Packet\Network\RakNetConnector.h">
      <Filter>Header Files</Filter>
    </ClInclude>
    <ClInclude Include="Memory\SDK\Packet\Network\RakPeer.h">
      <Filter>Header Files</Filter>
    </ClInclude>
    <ClInclude Include="Memory\SDK\Packet\Packet.h">
      <Filter>Header Files</Filter>
    </ClInclude>
    <ClInclude Include="Memory\SDK\Packet\PacketID.h">
      <Filter>Header Files</Filter>
    </ClInclude>
    <ClInclude Include="Memory\SDK\Packet\Packets\ActorEventPacket.h">
      <Filter>Header Files</Filter>
    </ClInclude>
    <ClInclude Include="Memory\SDK\Packet\Packets\ActorLink.h">
      <Filter>Header Files</Filter>
    </ClInclude>
    <ClInclude Include="Memory\SDK\Packet\Packets\ActorPickRequestPacket.h">
      <Filter>Header Files</Filter>
    </ClInclude>
    <ClInclude Include="Memory\SDK\Packet\Packets\AddActorPacket.h">
      <Filter>Header Files</Filter>
    </ClInclude>
    <ClInclude Include="Memory\SDK\Packet\Packets\AddBehaviorTreePacket.h">
      <Filter>Header Files</Filter>
    </ClInclude>
    <ClInclude Include="Memory\SDK\Packet\Packets\AddItemActorPacket.h">
      <Filter>Header Files</Filter>
    </ClInclude>
    <ClInclude Include="Memory\SDK\Packet\Packets\AddPaintingPacket.h">
      <Filter>Header Files</Filter>
    </ClInclude>
    <ClInclude Include="Memory\SDK\Packet\Packets\AddPlayerPacket.h">
      <Filter>Header Files</Filter>
    </ClInclude>
    <ClInclude Include="Memory\SDK\Packet\Packets\AnimatePacket.h">
      <Filter>Header Files</Filter>
    </ClInclude>
    <ClInclude Include="Memory\SDK\Packet\Packets\BookEditPacket.h">
      <Filter>Header Files</Filter>
    </ClInclude>
    <ClInclude Include="Memory\SDK\Packet\Packets\CameraInstructionPacket.h">
      <Filter>Header Files</Filter>
    </ClInclude>
    <ClInclude Include="Memory\SDK\Packet\Packets\CommandRequestPacket.h">
      <Filter>Header Files</Filter>
    </ClInclude>
    <ClInclude Include="Memory\SDK\Packet\Packets\ContainerClosePacket.h">
      <Filter>Header Files</Filter>
    </ClInclude>
    <ClInclude Include="Memory\SDK\Packet\Packets\ContainerOpenPacket.h">
      <Filter>Header Files</Filter>
    </ClInclude>
    <ClInclude Include="Memory\SDK\Packet\Packets\DisconnectPacket.h">
      <Filter>Header Files</Filter>
    </ClInclude>
    <ClInclude Include="Memory\SDK\Packet\Packets\EmotePacket.h">
      <Filter>Header Files</Filter>
    </ClInclude>
    <ClInclude Include="Memory\SDK\Packet\Packets\InteractPacket.h">
      <Filter>Header Files</Filter>
    </ClInclude>
    <ClInclude Include="Memory\SDK\Packet\Packets\InventoryContentPacket.h">
      <Filter>Header Files</Filter>
    </ClInclude>
    <ClInclude Include="Memory\SDK\Packet\Packets\InventoryTransactionPacket.h">
      <Filter>Header Files</Filter>
    </ClInclude>
    <ClInclude Include="Memory\SDK\Packet\Packets\LevelEventPacket.h">
      <Filter>Header Files</Filter>
    </ClInclude>
    <ClInclude Include="Memory\SDK\Packet\Packets\MobEffectPacket.h">
      <Filter>Header Files</Filter>
    </ClInclude>
    <ClInclude Include="Memory\SDK\Packet\Packets\MobEquipmentPacket.h">
      <Filter>Header Files</Filter>
    </ClInclude>
    <ClInclude Include="Memory\SDK\Packet\Packets\ModalFormRequestPacket.h">
      <Filter>Header Files</Filter>
    </ClInclude>
    <ClInclude Include="Memory\SDK\Packet\Packets\ModalFormResponsePacket.h">
      <Filter>Header Files</Filter>
    </ClInclude>
    <ClInclude Include="Memory\SDK\Packet\Packets\MovePlayerPacket.h">
      <Filter>Header Files</Filter>
    </ClInclude>
    <ClInclude Include="Memory\SDK\Packet\Packets\NetworkItemStackDescriptor.h">
      <Filter>Header Files</Filter>
    </ClInclude>
    <ClInclude Include="Memory\SDK\Packet\Packets\NetworkStackLatencyPacket.h">
      <Filter>Header Files</Filter>
    </ClInclude>
    <ClInclude Include="Memory\SDK\Packet\Packets\PlayerActionPacket.h">
      <Filter>Header Files</Filter>
    </ClInclude>
    <ClInclude Include="Memory\SDK\Packet\Packets\PlayerAuthInputPacket.h">
      <Filter>Header Files</Filter>
    </ClInclude>
    <ClInclude Include="Memory\SDK\Packet\Packets\PlayerSkinPacket.h">
      <Filter>Header Files</Filter>
    </ClInclude>
    <ClInclude Include="Memory\SDK\Packet\Packets\PlaySoundPacket.h">
      <Filter>Header Files</Filter>
    </ClInclude>
    <ClInclude Include="Memory\SDK\Packet\Packets\RemoveActorPacket.h">
      <Filter>Header Files</Filter>
    </ClInclude>
    <ClInclude Include="Memory\SDK\Packet\Packets\SetActorMotionPacket.h">
      <Filter>Header Files</Filter>
    </ClInclude>
    <ClInclude Include="Memory\SDK\Packet\Packets\SetHealthPacket.h">
      <Filter>Header Files</Filter>
    </ClInclude>
    <ClInclude Include="Memory\SDK\Packet\Packets\SetPlayerGameTypePacket.h">
      <Filter>Header Files</Filter>
    </ClInclude>
    <ClInclude Include="Memory\SDK\Packet\Packets\SetTimePacket.h">
      <Filter>Header Files</Filter>
    </ClInclude>
    <ClInclude Include="Memory\SDK\Packet\Packets\SyncedAttribute.h">
      <Filter>Header Files</Filter>
    </ClInclude>
    <ClInclude Include="Memory\SDK\Packet\Packets\TextPacket.h">
      <Filter>Header Files</Filter>
    </ClInclude>
    <ClInclude Include="Memory\SDK\Packet\Packets\UpdateBlockPacket.h">
      <Filter>Header Files</Filter>
    </ClInclude>
    <ClInclude Include="Memory\SDK\Render\CaretMeasureData.h">
      <Filter>Header Files</Filter>
    </ClInclude>
    <ClInclude Include="Memory\SDK\Render\Context\BaseActorRenderContext.h">
      <Filter>Header Files</Filter>
    </ClInclude>
    <ClInclude Include="Memory\SDK\Render\Context\ScreenContext.h">
      <Filter>Header Files</Filter>
    </ClInclude>
    <ClInclude Include="Memory\SDK\Render\Context\Tessellator\MaterialPtr.h">
      <Filter>Header Files</Filter>
    </ClInclude>
    <ClInclude Include="Memory\SDK\Render\Context\Tessellator\Tessellator.h">
      <Filter>Header Files</Filter>
    </ClInclude>
    <ClInclude Include="Memory\SDK\Render\Controls\Components\TextComponent.h">
      <Filter>Header Files</Filter>
    </ClInclude>
    <ClInclude Include="Memory\SDK\Render\Controls\Components\UIComponent.h">
      <Filter>Header Files</Filter>
    </ClInclude>
    <ClInclude Include="Memory\SDK\Render\Controls\HoverRenderer.h">
      <Filter>Header Files</Filter>
    </ClInclude>
    <ClInclude Include="Memory\SDK\Render\Controls\RootUIControl.h">
      <Filter>Header Files</Filter>
    </ClInclude>
    <ClInclude Include="Memory\SDK\Render\Controls\UIControl.h">
      <Filter>Header Files</Filter>
    </ClInclude>
    <ClInclude Include="Memory\SDK\Render\HashedString.h">
      <Filter>Header Files</Filter>
    </ClInclude>
    <ClInclude Include="Memory\SDK\Render\Layer\UILayer.h">
      <Filter>Header Files</Filter>
    </ClInclude>
    <ClInclude Include="Memory\SDK\Render\MinecraftUIRenderContext.h">
      <Filter>Header Files</Filter>
    </ClInclude>
    <ClInclude Include="Memory\SDK\Render\Screen\ScreenView.h">
      <Filter>Header Files</Filter>
    </ClInclude>
    <ClInclude Include="Memory\SDK\Render\Screen\VisualTree.h">
      <Filter>Header Files</Filter>
    </ClInclude>
    <ClInclude Include="Memory\SDK\Render\TextMeasureData.h">
      <Filter>Header Files</Filter>
    </ClInclude>
    <ClInclude Include="Memory\SDK\Render\UIScene.h">
      <Filter>Header Files</Filter>
    </ClInclude>
    <ClInclude Include="Memory\Manager\OffsetManager.h">
      <Filter>Header Files</Filter>
    </ClInclude>
    <ClInclude Include="Client\Utils\Render\RenderUtil.hpp">
      <Filter>Header Files</Filter>
    </ClInclude>
    <ClInclude Include="Memory\Manager\InstanceManager.h">
      <Filter>Header Files</Filter>
    </ClInclude>
    <ClInclude Include="Libraries\json\json.hpp">
      <Filter>Header Files</Filter>
    </ClInclude>
    <ClInclude Include="Client\Utils\Render\ImRenderUtil.hpp">
      <Filter>Header Files</Filter>
    </ClInclude>
    <ClInclude Include="Libraries\imgui\imgui.h">
      <Filter>Header Files</Filter>
    </ClInclude>
    <ClInclude Include="Libraries\imgui\imgui_internal.h">
      <Filter>Header Files</Filter>
    </ClInclude>
    <ClInclude Include="Libraries\imgui\imstb_rectpack.h">
      <Filter>Header Files</Filter>
    </ClInclude>
    <ClInclude Include="Libraries\imgui\imstb_textedit.h">
      <Filter>Header Files</Filter>
    </ClInclude>
    <ClInclude Include="Libraries\imgui\imstb_truetype.h">
      <Filter>Header Files</Filter>
    </ClInclude>
    <ClInclude Include="Libraries\imgui\imconfig.h">
      <Filter>Header Files</Filter>
    </ClInclude>
    <ClInclude Include="Memory\Graphics\Graphics.h">
      <Filter>Header Files</Filter>
    </ClInclude>
    <ClInclude Include="Client\Utils\Actor\ActorUtils.h">
      <Filter>Header Files</Filter>
    </ClInclude>
    <ClInclude Include="Client\Utils\Actor\Motion\MotionUtil.h">
      <Filter>Header Files</Filter>
    </ClInclude>
    <ClInclude Include="Client\Utils\Actor\Chat\ChatUtil.h">
      <Filter>Header Files</Filter>
    </ClInclude>
    <ClInclude Include="Client\Utils\Render\Frame\FrameUtil.h">
      <Filter>Header Files</Filter>
    </ClInclude>
    <ClInclude Include="Memory\Hooks\Render\SwingDurationHook.h">
      <Filter>Header Files</Filter>
    </ClInclude>
    <ClInclude Include="Memory\Hooks\Render\BobHurtHook.h">
      <Filter>Header Files</Filter>
    </ClInclude>
    <ClInclude Include="Memory\Hooks\Input\KeyboardHook.h">
      <Filter>Header Files</Filter>
    </ClInclude>
    <ClInclude Include="Memory\Hooks\Input\MouseHook.h">
      <Filter>Header Files</Filter>
    </ClInclude>
    <ClInclude Include="Memory\Hooks\Game\ChatScreenControllerHook.h">
      <Filter>Header Files</Filter>
    </ClInclude>
    <ClInclude Include="Memory\Hooks\Game\ContainerTickHook.h">
      <Filter>Header Files</Filter>
    </ClInclude>
    <ClInclude Include="Memory\Hooks\Game\RakPeerHooks.h">
      <Filter>Header Files</Filter>
    </ClInclude>
    <ClInclude Include="Memory\Hooks\Actor\BaseTickHook.h">
      <Filter>Header Files</Filter>
    </ClInclude>
    <ClInclude Include="Memory\Hooks\Actor\ActorAnimationControllerHook.h">
      <Filter>Header Files</Filter>
    </ClInclude>
    <ClInclude Include="Memory\Hooks\Actor\ActorRenderDispatcherHook.h">
      <Filter>Header Files</Filter>
    </ClInclude>
    <ClInclude Include="Client\Modules\ModuleManager.h">
      <Filter>Header Files</Filter>
    </ClInclude>
    <ClInclude Include="Client\Modules\Module.h">
      <Filter>Header Files</Filter>
    </ClInclude>
    <ClInclude Include="Client\Modules\Settings.h">
      <Filter>Header Files</Filter>
    </ClInclude>
    <ClInclude Include="Client\Event\Event.hpp">
      <Filter>Header Files</Filter>
    </ClInclude>
    <ClInclude Include="Client\Event\Events\ActorSetMotionEvent.hpp">
      <Filter>Header Files</Filter>
    </ClInclude>
    <ClInclude Include="Client\Event\Events\BaseTickEvent.hpp">
      <Filter>Header Files</Filter>
    </ClInclude>
    <ClInclude Include="Client\Event\Events\BobHurtEvent.hpp">
      <Filter>Header Files</Filter>
    </ClInclude>
    <ClInclude Include="Client\Event\Events\ChangeDimensionEvent.hpp">
      <Filter>Header Files</Filter>
    </ClInclude>
    <ClInclude Include="Client\Event\Events\ContainerTickEvent.hpp">
      <Filter>Header Files</Filter>
    </ClInclude>
    <ClInclude Include="Client\Event\Events\ImRenderEvent.hpp">
      <Filter>Header Files</Filter>
    </ClInclude>
    <ClInclude Include="Client\Event\Events\KeyboardEvent.hpp">
      <Filter>Header Files</Filter>
    </ClInclude>
    <ClInclude Include="Client\Event\Events\MouseEvent.hpp">
      <Filter>Header Files</Filter>
    </ClInclude>
    <ClInclude Include="Client\Event\Events\MouseScrollEvent.hpp">
      <Filter>Header Files</Filter>
    </ClInclude>
    <ClInclude Include="Client\Event\Events\PacketEvent.hpp">
      <Filter>Header Files</Filter>
    </ClInclude>
    <ClInclude Include="Client\Event\Events\RenderContextEvent.hpp">
      <Filter>Header Files</Filter>
    </ClInclude>
    <ClInclude Include="Client\Event\Events\RunUpdateCycleEvent.hpp">
      <Filter>Header Files</Filter>
    </ClInclude>
    <ClInclude Include="Memory\Hooks\Game\PacketSendHook.h">
      <Filter>Header Files</Filter>
    </ClInclude>
    <ClInclude Include="Client\Modules\Visual\ServerRotations.hpp">
      <Filter>Header Files</Filter>
    </ClInclude>
    <ClInclude Include="Client\Modules\Motion\Speed.hpp">
      <Filter>Header Files</Filter>
    </ClInclude>
    <ClInclude Include="Client\Modules\Motion\Fly.hpp">
      <Filter>Header Files</Filter>
    </ClInclude>
    <ClInclude Include="Client\Modules\Misc\Regen.hpp">
      <Filter>Header Files</Filter>
    </ClInclude>
    <ClInclude Include="Client\Modules\Misc\Scaffold.hpp">
      <Filter>Header Files</Filter>
    </ClInclude>
    <ClInclude Include="Client\Utils\Misc\BlockUtil.h">
      <Filter>Header Files</Filter>
    </ClInclude>
    <ClInclude Include="Client\Modules\Combat\Killaura.hpp">
      <Filter>Header Files</Filter>
    </ClInclude>
    <ClInclude Include="Client\Utils\Misc\PacketUtil.h">
      <Filter>Header Files</Filter>
    </ClInclude>
    <ClInclude Include="Client\Utils\Time\TimeUtil.h">
      <Filter>Header Files</Filter>
    </ClInclude>
    <ClInclude Include="Client\Modules\Visual\ArrayList.hpp">
      <Filter>Header Files</Filter>
    </ClInclude>
    <ClInclude Include="Client\Command\Command.h">
      <Filter>Header Files</Filter>
    </ClInclude>
    <ClInclude Include="Client\Command\CommandManager.h">
      <Filter>Header Files</Filter>
    </ClInclude>
    <ClInclude Include="Client\Command\Commands\BindCommand.h">
      <Filter>Header Files</Filter>
    </ClInclude>
    <ClInclude Include="Client\Modules\Visual\Animations.hpp">
      <Filter>Header Files</Filter>
    </ClInclude>
    <ClInclude Include="Client\Menus\ClickGUI\Manager\ClickGUIManager.hpp">
      <Filter>Header Files</Filter>
    </ClInclude>
    <ClInclude Include="Client\Menus\ClickGUI\FrostGUI.hpp">
      <Filter>Header Files</Filter>
    </ClInclude>
    <ClInclude Include="Client\Modules\Visual\ClickGUI.hpp">
      <Filter>Header Files</Filter>
    </ClInclude>
    <ClInclude Include="Client\Utils\Render\EasingUtil.hpp">
      <Filter>Header Files</Filter>
    </ClInclude>
    <ClInclude Include="Client\Utils\Render\Color\ColorUtil.h">
      <Filter>Header Files</Filter>
    </ClInclude>
    <ClInclude Include="Libraries\libhat\include\libhat.hpp">
      <Filter>Header Files</Filter>
    </ClInclude>
    <ClInclude Include="Libraries\libhat\include\libhat\Access.hpp">
      <Filter>Header Files</Filter>
    </ClInclude>
    <ClInclude Include="Libraries\libhat\include\libhat\Callable.hpp">
      <Filter>Header Files</Filter>
    </ClInclude>
    <ClInclude Include="Libraries\libhat\include\libhat\CompileTime.hpp">
      <Filter>Header Files</Filter>
    </ClInclude>
    <ClInclude Include="Libraries\libhat\include\libhat\Concepts.hpp">
      <Filter>Header Files</Filter>
    </ClInclude>
    <ClInclude Include="Libraries\libhat\include\libhat\c\libhat.h">
      <Filter>Header Files</Filter>
    </ClInclude>
    <ClInclude Include="Libraries\libhat\include\libhat\Defines.hpp">
      <Filter>Header Files</Filter>
    </ClInclude>
    <ClInclude Include="Libraries\libhat\include\libhat\FixedString.hpp">
      <Filter>Header Files</Filter>
    </ClInclude>
    <ClInclude Include="Libraries\libhat\include\libhat\MemoryProtector.hpp">
      <Filter>Header Files</Filter>
    </ClInclude>
    <ClInclude Include="Libraries\libhat\include\libhat\Process.hpp">
      <Filter>Header Files</Filter>
    </ClInclude>
    <ClInclude Include="Libraries\libhat\include\libhat\Result.hpp">
      <Filter>Header Files</Filter>
    </ClInclude>
    <ClInclude Include="Libraries\libhat\include\libhat\Scanner.hpp">
      <Filter>Header Files</Filter>
    </ClInclude>
    <ClInclude Include="Libraries\libhat\include\libhat\Signature.hpp">
      <Filter>Header Files</Filter>
    </ClInclude>
    <ClInclude Include="Libraries\libhat\include\libhat\StringLiteral.hpp">
      <Filter>Header Files</Filter>
    </ClInclude>
    <ClInclude Include="Libraries\libhat\include\libhat\Traits.hpp">
      <Filter>Header Files</Filter>
    </ClInclude>
    <ClInclude Include="Memory\Graphics\DirectX\Fonts\Roboto Light.hpp">
      <Filter>Header Files</Filter>
    </ClInclude>
    <ClInclude Include="Memory\Graphics\DirectX\Fonts\Roboto Regular.hpp">
      <Filter>Header Files</Filter>
    </ClInclude>
    <ClInclude Include="Memory\Graphics\DirectX\Fonts\ProductSans Regular.hpp">
      <Filter>Header Files</Filter>
    </ClInclude>
    <ClInclude Include="Libraries\entt\entt.hpp">
      <Filter>Header Files</Filter>
    </ClInclude>
    <ClInclude Include="Libraries\entt\fwd.hpp">
      <Filter>Header Files</Filter>
    </ClInclude>
    <ClInclude Include="Libraries\entt\config\config.h">
      <Filter>Header Files</Filter>
    </ClInclude>
    <ClInclude Include="Libraries\entt\config\macro.h">
      <Filter>Header Files</Filter>
    </ClInclude>
    <ClInclude Include="Libraries\entt\config\version.h">
      <Filter>Header Files</Filter>
    </ClInclude>
    <ClInclude Include="Libraries\entt\container\dense_map.hpp">
      <Filter>Header Files</Filter>
    </ClInclude>
    <ClInclude Include="Libraries\entt\container\dense_set.hpp">
      <Filter>Header Files</Filter>
    </ClInclude>
    <ClInclude Include="Libraries\entt\container\fwd.hpp">
      <Filter>Header Files</Filter>
    </ClInclude>
    <ClInclude Include="Libraries\entt\container\table.hpp">
      <Filter>Header Files</Filter>
    </ClInclude>
    <ClInclude Include="Libraries\entt\core\algorithm.hpp">
      <Filter>Header Files</Filter>
    </ClInclude>
    <ClInclude Include="Libraries\entt\core\any.hpp">
      <Filter>Header Files</Filter>
    </ClInclude>
    <ClInclude Include="Libraries\entt\core\attribute.h">
      <Filter>Header Files</Filter>
    </ClInclude>
    <ClInclude Include="Libraries\entt\core\bit.hpp">
      <Filter>Header Files</Filter>
    </ClInclude>
    <ClInclude Include="Libraries\entt\core\compressed_pair.hpp">
      <Filter>Header Files</Filter>
    </ClInclude>
    <ClInclude Include="Libraries\entt\core\enum.hpp">
      <Filter>Header Files</Filter>
    </ClInclude>
    <ClInclude Include="Libraries\entt\core\family.hpp">
      <Filter>Header Files</Filter>
    </ClInclude>
    <ClInclude Include="Libraries\entt\core\fwd.hpp">
      <Filter>Header Files</Filter>
    </ClInclude>
    <ClInclude Include="Libraries\entt\core\hashed_string.hpp">
      <Filter>Header Files</Filter>
    </ClInclude>
    <ClInclude Include="Libraries\entt\core\ident.hpp">
      <Filter>Header Files</Filter>
    </ClInclude>
    <ClInclude Include="Libraries\entt\core\iterator.hpp">
      <Filter>Header Files</Filter>
    </ClInclude>
    <ClInclude Include="Libraries\entt\core\memory.hpp">
      <Filter>Header Files</Filter>
    </ClInclude>
    <ClInclude Include="Libraries\entt\core\monostate.hpp">
      <Filter>Header Files</Filter>
    </ClInclude>
    <ClInclude Include="Libraries\entt\core\ranges.hpp">
      <Filter>Header Files</Filter>
    </ClInclude>
    <ClInclude Include="Libraries\entt\core\tuple.hpp">
      <Filter>Header Files</Filter>
    </ClInclude>
    <ClInclude Include="Libraries\entt\core\type_info.hpp">
      <Filter>Header Files</Filter>
    </ClInclude>
    <ClInclude Include="Libraries\entt\core\type_traits.hpp">
      <Filter>Header Files</Filter>
    </ClInclude>
    <ClInclude Include="Libraries\entt\core\utility.hpp">
      <Filter>Header Files</Filter>
    </ClInclude>
    <ClInclude Include="Libraries\entt\entity\component.hpp">
      <Filter>Header Files</Filter>
    </ClInclude>
    <ClInclude Include="Libraries\entt\entity\entity.hpp">
      <Filter>Header Files</Filter>
    </ClInclude>
    <ClInclude Include="Libraries\entt\entity\fwd.hpp">
      <Filter>Header Files</Filter>
    </ClInclude>
    <ClInclude Include="Libraries\entt\entity\group.hpp">
      <Filter>Header Files</Filter>
    </ClInclude>
    <ClInclude Include="Libraries\entt\entity\handle.hpp">
      <Filter>Header Files</Filter>
    </ClInclude>
    <ClInclude Include="Libraries\entt\entity\helper.hpp">
      <Filter>Header Files</Filter>
    </ClInclude>
    <ClInclude Include="Libraries\entt\entity\mixin.hpp">
      <Filter>Header Files</Filter>
    </ClInclude>
    <ClInclude Include="Libraries\entt\entity\organizer.hpp">
      <Filter>Header Files</Filter>
    </ClInclude>
    <ClInclude Include="Libraries\entt\entity\ranges.hpp">
      <Filter>Header Files</Filter>
    </ClInclude>
    <ClInclude Include="Libraries\entt\entity\registry.hpp">
      <Filter>Header Files</Filter>
    </ClInclude>
    <ClInclude Include="Libraries\entt\entity\runtime_view.hpp">
      <Filter>Header Files</Filter>
    </ClInclude>
    <ClInclude Include="Libraries\entt\entity\snapshot.hpp">
      <Filter>Header Files</Filter>
    </ClInclude>
    <ClInclude Include="Libraries\entt\entity\sparse_set.hpp">
      <Filter>Header Files</Filter>
    </ClInclude>
    <ClInclude Include="Libraries\entt\entity\storage.hpp">
      <Filter>Header Files</Filter>
    </ClInclude>
    <ClInclude Include="Libraries\entt\entity\view.hpp">
      <Filter>Header Files</Filter>
    </ClInclude>
    <ClInclude Include="Libraries\entt\graph\adjacency_matrix.hpp">
      <Filter>Header Files</Filter>
    </ClInclude>
    <ClInclude Include="Libraries\entt\graph\dot.hpp">
      <Filter>Header Files</Filter>
    </ClInclude>
    <ClInclude Include="Libraries\entt\graph\flow.hpp">
      <Filter>Header Files</Filter>
    </ClInclude>
    <ClInclude Include="Libraries\entt\graph\fwd.hpp">
      <Filter>Header Files</Filter>
    </ClInclude>
    <ClInclude Include="Libraries\entt\locator\locator.hpp">
      <Filter>Header Files</Filter>
    </ClInclude>
    <ClInclude Include="Libraries\entt\meta\adl_pointer.hpp">
      <Filter>Header Files</Filter>
    </ClInclude>
    <ClInclude Include="Libraries\entt\meta\container.hpp">
      <Filter>Header Files</Filter>
    </ClInclude>
    <ClInclude Include="Libraries\entt\meta\context.hpp">
      <Filter>Header Files</Filter>
    </ClInclude>
    <ClInclude Include="Libraries\entt\meta\factory.hpp">
      <Filter>Header Files</Filter>
    </ClInclude>
    <ClInclude Include="Libraries\entt\meta\fwd.hpp">
      <Filter>Header Files</Filter>
    </ClInclude>
    <ClInclude Include="Libraries\entt\meta\meta.hpp">
      <Filter>Header Files</Filter>
    </ClInclude>
    <ClInclude Include="Libraries\entt\meta\node.hpp">
      <Filter>Header Files</Filter>
    </ClInclude>
    <ClInclude Include="Libraries\entt\meta\pointer.hpp">
      <Filter>Header Files</Filter>
    </ClInclude>
    <ClInclude Include="Libraries\entt\meta\policy.hpp">
      <Filter>Header Files</Filter>
    </ClInclude>
    <ClInclude Include="Libraries\entt\meta\range.hpp">
      <Filter>Header Files</Filter>
    </ClInclude>
    <ClInclude Include="Libraries\entt\meta\resolve.hpp">
      <Filter>Header Files</Filter>
    </ClInclude>
    <ClInclude Include="Libraries\entt\meta\template.hpp">
      <Filter>Header Files</Filter>
    </ClInclude>
    <ClInclude Include="Libraries\entt\meta\type_traits.hpp">
      <Filter>Header Files</Filter>
    </ClInclude>
    <ClInclude Include="Libraries\entt\meta\utility.hpp">
      <Filter>Header Files</Filter>
    </ClInclude>
    <ClInclude Include="Libraries\entt\poly\fwd.hpp">
      <Filter>Header Files</Filter>
    </ClInclude>
    <ClInclude Include="Libraries\entt\poly\poly.hpp">
      <Filter>Header Files</Filter>
    </ClInclude>
    <ClInclude Include="Libraries\entt\process\fwd.hpp">
      <Filter>Header Files</Filter>
    </ClInclude>
    <ClInclude Include="Libraries\entt\process\process.hpp">
      <Filter>Header Files</Filter>
    </ClInclude>
    <ClInclude Include="Libraries\entt\process\scheduler.hpp">
      <Filter>Header Files</Filter>
    </ClInclude>
    <ClInclude Include="Libraries\entt\resource\cache.hpp">
      <Filter>Header Files</Filter>
    </ClInclude>
    <ClInclude Include="Libraries\entt\resource\fwd.hpp">
      <Filter>Header Files</Filter>
    </ClInclude>
    <ClInclude Include="Libraries\entt\resource\loader.hpp">
      <Filter>Header Files</Filter>
    </ClInclude>
    <ClInclude Include="Libraries\entt\resource\resource.hpp">
      <Filter>Header Files</Filter>
    </ClInclude>
    <ClInclude Include="Libraries\entt\signal\delegate.hpp">
      <Filter>Header Files</Filter>
    </ClInclude>
    <ClInclude Include="Libraries\entt\signal\dispatcher.hpp">
      <Filter>Header Files</Filter>
    </ClInclude>
    <ClInclude Include="Libraries\entt\signal\emitter.hpp">
      <Filter>Header Files</Filter>
    </ClInclude>
    <ClInclude Include="Libraries\entt\signal\fwd.hpp">
      <Filter>Header Files</Filter>
    </ClInclude>
    <ClInclude Include="Libraries\entt\signal\sigh.hpp">
      <Filter>Header Files</Filter>
    </ClInclude>
    <ClInclude Include="Client\Modules\Visual\Watermark.hpp">
      <Filter>Header Files</Filter>
    </ClInclude>
    <ClInclude Include="Memory\Graphics\DirectX\Fonts\ProductSans Bold.hpp">
      <Filter>Header Files</Filter>
    </ClInclude>
    <ClInclude Include="Memory\Graphics\DirectX\Fonts\ProductSans Medium.hpp">
      <Filter>Header Files</Filter>
    </ClInclude>
    <ClInclude Include="Client\Modules\Misc\Disabler.hpp">
      <Filter>Header Files</Filter>
    </ClInclude>
    <ClInclude Include="Memory\Hooks\Game\PacketReceiveHook.h">
      <Filter>Header Files</Filter>
    </ClInclude>
    <ClInclude Include="Client\Modules\Motion\Velocity.hpp">
      <Filter>Header Files</Filter>
    </ClInclude>
    <ClInclude Include="Client\Configuration\ConfigManager.h">
      <Filter>Header Files</Filter>
    </ClInclude>
    <ClInclude Include="Client\Utils\File\FileUtil.h">
      <Filter>Header Files</Filter>
    </ClInclude>
    <ClInclude Include="Client\Command\Commands\ConfigurationCommand.h">
      <Filter>Header Files</Filter>
    </ClInclude>
    <ClInclude Include="Memory\SDK\Actor\Attribute\AttributeModifier.h">
      <Filter>Header Files</Filter>
    </ClInclude>
    <ClInclude Include="Client\Menus\ClickGUI\ModernGUI.hpp">
      <Filter>Header Files</Filter>
    </ClInclude>
    <ClInclude Include="Memory\Manager\Console.hpp">
      <Filter>Header Files</Filter>
    </ClInclude>
    <ClInclude Include="Memory\Graphics\DirectX\Fonts\Icons.hpp">
      <Filter>Header Files</Filter>
    </ClInclude>
    <ClInclude Include="Client\Event\Events\LevelEventPacketEvent.hpp">
      <Filter>Header Files</Filter>
    </ClInclude>
    <ClInclude Include="Client\Event\Events\UpdateBlockEvent.hpp">
      <Filter>Header Files</Filter>
    </ClInclude>
    <ClInclude Include="Client\Modules\Misc\TestModule.hpp">
      <Filter>Header Files</Filter>
    </ClInclude>
    <ClInclude Include="Client\Modules\Misc\Timer.hpp">
      <Filter>Header Files</Filter>
    </ClInclude>
    <ClInclude Include="Memory\SDK\Actor\Level\Components\BlockComponentStorage.hpp">
      <Filter>Header Files</Filter>
    </ClInclude>
    <ClInclude Include="Memory\SDK\Enums\AttributeModifierOperation.hpp">
      <Filter>Header Files</Filter>
    </ClInclude>
    <ClInclude Include="Memory\SDK\Enums\AttributeOperands.hpp">
      <Filter>Header Files</Filter>
    </ClInclude>
    <ClInclude Include="Memory\SDK\Enums\BlockActorType.hpp">
      <Filter>Header Files</Filter>
    </ClInclude>
    <ClInclude Include="Memory\SDK\Enums\BlockProperty.hpp">
      <Filter>Header Files</Filter>
    </ClInclude>
    <ClInclude Include="Memory\SDK\Enums\BlockRenderLayer.hpp">
      <Filter>Header Files</Filter>
    </ClInclude>
    <ClInclude Include="Memory\SDK\Enums\BlockUpdateFlag.hpp">
      <Filter>Header Files</Filter>
    </ClInclude>
    <ClInclude Include="Memory\SDK\Enums\BookEditAction.hpp">
      <Filter>Header Files</Filter>
    </ClInclude>
    <ClInclude Include="Memory\SDK\Enums\BuildPlatform.hpp">
      <Filter>Header Files</Filter>
    </ClInclude>
    <ClInclude Include="Memory\SDK\Enums\BurnOdds.hpp">
      <Filter>Header Files</Filter>
    </ClInclude>
    <ClInclude Include="Memory\SDK\Enums\ClientPlayMode.hpp">
      <Filter>Header Files</Filter>
    </ClInclude>
    <ClInclude Include="Memory\SDK\Enums\CommandOriginType.hpp">
      <Filter>Header Files</Filter>
    </ClInclude>
    <ClInclude Include="Memory\SDK\Enums\CommandPermissionLevel.hpp">
      <Filter>Header Files</Filter>
    </ClInclude>
    <ClInclude Include="Memory\SDK\Enums\Compressibility.hpp">
      <Filter>Header Files</Filter>
    </ClInclude>
    <ClInclude Include="Memory\SDK\Enums\connection\Connection.hpp">
      <Filter>Header Files</Filter>
    </ClInclude>
    <ClInclude Include="Memory\SDK\Enums\connection\DisconnectFailReason.hpp">
      <Filter>Header Files</Filter>
    </ClInclude>
    <ClInclude Include="Memory\SDK\Enums\ContainerEnumName.hpp">
      <Filter>Header Files</Filter>
    </ClInclude>
    <ClInclude Include="Memory\SDK\Enums\ContainerID.hpp">
      <Filter>Header Files</Filter>
    </ClInclude>
    <ClInclude Include="Memory\SDK\Enums\ContainerType.hpp">
      <Filter>Header Files</Filter>
    </ClInclude>
    <ClInclude Include="Memory\SDK\Enums\CreativeItemCategory.hpp">
      <Filter>Header Files</Filter>
    </ClInclude>
    <ClInclude Include="Memory\SDK\Enums\DataItemType.hpp">
      <Filter>Header Files</Filter>
    </ClInclude>
    <ClInclude Include="Memory\SDK\Enums\EnumsInclude.hpp">
      <Filter>Header Files</Filter>
    </ClInclude>
    <ClInclude Include="Memory\SDK\Enums\FacingID.hpp">
      <Filter>Header Files</Filter>
    </ClInclude>
    <ClInclude Include="Memory\SDK\Enums\FlameOdds.hpp">
      <Filter>Header Files</Filter>
    </ClInclude>
    <ClInclude Include="Memory\SDK\Enums\GameType.hpp">
      <Filter>Header Files</Filter>
    </ClInclude>
    <ClInclude Include="Memory\SDK\Enums\HitResultType.hpp">
      <Filter>Header Files</Filter>
    </ClInclude>
    <ClInclude Include="Memory\SDK\Enums\InputMode.hpp">
      <Filter>Header Files</Filter>
    </ClInclude>
    <ClInclude Include="Memory\SDK\Enums\InventorySourceType.hpp">
      <Filter>Header Files</Filter>
    </ClInclude>
    <ClInclude Include="Memory\SDK\Enums\JumpType.hpp">
      <Filter>Header Files</Filter>
    </ClInclude>
    <ClInclude Include="Memory\SDK\Enums\LavaFlammable.hpp">
      <Filter>Header Files</Filter>
    </ClInclude>
    <ClInclude Include="Memory\SDK\Enums\ModalFormCancelReason.hpp">
      <Filter>Header Files</Filter>
    </ClInclude>
    <ClInclude Include="Memory\SDK\Enums\NewInteractionModel.hpp">
      <Filter>Header Files</Filter>
    </ClInclude>
    <ClInclude Include="Memory\SDK\Enums\NoteBlockInstrument.hpp">
      <Filter>Header Files</Filter>
    </ClInclude>
    <ClInclude Include="Memory\SDK\Enums\PacketPriority.hpp">
      <Filter>Header Files</Filter>
    </ClInclude>
    <ClInclude Include="Memory\SDK\Enums\PacketReliability.hpp">
      <Filter>Header Files</Filter>
    </ClInclude>
    <ClInclude Include="Memory\SDK\Enums\PlayerActionType.hpp">
      <Filter>Header Files</Filter>
    </ClInclude>
    <ClInclude Include="Memory\SDK\Enums\PlayerPermissionLevel.hpp">
      <Filter>Header Files</Filter>
    </ClInclude>
    <ClInclude Include="Memory\SDK\Enums\Social.hpp">
      <Filter>Header Files</Filter>
    </ClInclude>
    <ClInclude Include="Memory\SDK\Enums\SubClientId.hpp">
      <Filter>Header Files</Filter>
    </ClInclude>
    <ClInclude Include="Memory\SDK\Enums\TextPacketType.hpp">
      <Filter>Header Files</Filter>
    </ClInclude>
    <ClInclude Include="Memory\SDK\Enums\TintMethod.hpp">
      <Filter>Header Files</Filter>
    </ClInclude>
    <ClInclude Include="Client\Utils\Misc\ItemUtil.h">
      <Filter>Header Files</Filter>
    </ClInclude>
    <ClInclude Include="Client\Utils\Render\RenderUtil3D.hpp">
      <Filter>Header Files</Filter>
    </ClInclude>
  </ItemGroup>
  <ItemGroup>
    <Library Include="Libraries\libhat\include\libhat.lib" />
    <Library Include="Libraries\libhat\include\libhat_debug.lib" />
  </ItemGroup>
  <ItemGroup>
    <None Include="Libraries\libhat\include\libhat\Scanner.inl">
      <Filter>Header Files</Filter>
    </None>
  </ItemGroup>
</Project>